
Microsoft Visual Studio Solution File, Format Version 12.00
# Visual Studio Version 16
VisualStudioVersion = 16.0.31019.35
MinimumVisualStudioVersion = 10.0.40219.1
Project("{FAE04EC0-301F-11D3-BF4B-00C04F79EFBC}") = "AutomationUITestingFramework", "AutomationUITestingFramework\AutomationUITestingFramework.csproj", "{59C7A921-AD8C-455D-B1D4-94C89C1A5DAD}"
EndProject
Project("{FAE04EC0-301F-11D3-BF4B-00C04F79EFBC}") = "APITestingFramework", "APITestingFramework\APITestingFramework.csproj", "{DBF2F2EF-6F3D-49EE-81A8-1CDC1063E49B}"
EndProject
Project("{FAE04EC0-301F-11D3-BF4B-00C04F79EFBC}") = "OpenWeatherTesting", "OpenWeatherTesting\OpenWeatherTesting.csproj", "{7C4CD22B-85AB-427A-94E1-CB1E49FFEEDF}"
EndProject
Global
	GlobalSection(SolutionConfigurationPlatforms) = preSolution
		Debug|Any CPU = Debug|Any CPU
		Release|Any CPU = Release|Any CPU
	EndGlobalSection
	GlobalSection(ProjectConfigurationPlatforms) = postSolution
		{59C7A921-AD8C-455D-B1D4-94C89C1A5DAD}.Debug|Any CPU.ActiveCfg = Debug|Any CPU
		{59C7A921-AD8C-455D-B1D4-94C89C1A5DAD}.Debug|Any CPU.Build.0 = Debug|Any CPU
		{59C7A921-AD8C-455D-B1D4-94C89C1A5DAD}.Release|Any CPU.ActiveCfg = Release|Any CPU
		{59C7A921-AD8C-455D-B1D4-94C89C1A5DAD}.Release|Any CPU.Build.0 = Release|Any CPU
		{DBF2F2EF-6F3D-49EE-81A8-1CDC1063E49B}.Debug|Any CPU.ActiveCfg = Debug|Any CPU
		{DBF2F2EF-6F3D-49EE-81A8-1CDC1063E49B}.Debug|Any CPU.Build.0 = Debug|Any CPU
		{DBF2F2EF-6F3D-49EE-81A8-1CDC1063E49B}.Release|Any CPU.ActiveCfg = Release|Any CPU
		{DBF2F2EF-6F3D-49EE-81A8-1CDC1063E49B}.Release|Any CPU.Build.0 = Release|Any CPU
		{7C4CD22B-85AB-427A-94E1-CB1E49FFEEDF}.Debug|Any CPU.ActiveCfg = Debug|Any CPU
		{7C4CD22B-85AB-427A-94E1-CB1E49FFEEDF}.Debug|Any CPU.Build.0 = Debug|Any CPU
		{7C4CD22B-85AB-427A-94E1-CB1E49FFEEDF}.Release|Any CPU.ActiveCfg = Release|Any CPU
		{7C4CD22B-85AB-427A-94E1-CB1E49FFEEDF}.Release|Any CPU.Build.0 = Release|Any CPU
	EndGlobalSection
	GlobalSection(SolutionProperties) = preSolution
		HideSolutionNode = FALSE
	EndGlobalSection
	GlobalSection(ExtensibilityGlobals) = postSolution
		SolutionGuid = {8BA27EE1-AB4A-4609-91A5-9C40ABA7784D}
	EndGlobalSection
EndGlobal
